
Microsoft Visual Studio Solution File, Format Version 12.00
# Visual Studio 2017
Project("{FAE04EC0-301F-11D3-BF4B-00C04F79EFBC}") = "TestTaskMelior", "TestTaskMelior.csproj", "{76D0C52E-1545-F20B-C9DE-E01452B772E7}"
EndProject
Project("{FAE04EC0-301F-11D3-BF4B-00C04F79EFBC}") = "TestTaskMelior.Editor", "TestTaskMelior.Editor.csproj", "{F98B2676-07B5-A66F-BDB7-02C663553B2D}"
EndProject
Global
	GlobalSection(SolutionConfigurationPlatforms) = preSolution
		Debug|Any CPU = Debug|Any CPU
		Release|Any CPU = Release|Any CPU
	EndGlobalSection
	GlobalSection(ProjectConfigurationPlatforms) = postSolution
		{76D0C52E-1545-F20B-C9DE-E01452B772E7}.Debug|Any CPU.ActiveCfg = Debug|Any CPU
		{76D0C52E-1545-F20B-C9DE-E01452B772E7}.Debug|Any CPU.Build.0 = Debug|Any CPU
		{76D0C52E-1545-F20B-C9DE-E01452B772E7}.Release|Any CPU.ActiveCfg = Release|Any CPU
		{76D0C52E-1545-F20B-C9DE-E01452B772E7}.Release|Any CPU.Build.0 = Release|Any CPU
		{F98B2676-07B5-A66F-BDB7-02C663553B2D}.Debug|Any CPU.ActiveCfg = Debug|Any CPU
		{F98B2676-07B5-A66F-BDB7-02C663553B2D}.Debug|Any CPU.Build.0 = Debug|Any CPU
		{F98B2676-07B5-A66F-BDB7-02C663553B2D}.Release|Any CPU.ActiveCfg = Release|Any CPU
		{F98B2676-07B5-A66F-BDB7-02C663553B2D}.Release|Any CPU.Build.0 = Release|Any CPU
	EndGlobalSection
	GlobalSection(SolutionProperties) = preSolution
		HideSolutionNode = FALSE
	EndGlobalSection
EndGlobal
